
Microsoft Visual Studio Solution File, Format Version 12.00
# Visual Studio Version 16
VisualStudioVersion = 16.0.30320.27
MinimumVisualStudioVersion = 10.0.40219.1
Project("{FAE04EC0-301F-11D3-BF4B-00C04F79EFBC}") = "DailyBlogger", "DailyBlogger\DailyBlogger.csproj", "{2C35E3AF-7225-4522-8C51-EA2D001B21CF}"
EndProject
Global
	GlobalSection(SolutionConfigurationPlatforms) = preSolution
		Debug|Any CPU = Debug|Any CPU
		Release|Any CPU = Release|Any CPU
	EndGlobalSection
	GlobalSection(ProjectConfigurationPlatforms) = postSolution
		{2C35E3AF-7225-4522-8C51-EA2D001B21CF}.Debug|Any CPU.ActiveCfg = Debug|Any CPU
		{2C35E3AF-7225-4522-8C51-EA2D001B21CF}.Debug|Any CPU.Build.0 = Debug|Any CPU
		{2C35E3AF-7225-4522-8C51-EA2D001B21CF}.Release|Any CPU.ActiveCfg = Release|Any CPU
		{2C35E3AF-7225-4522-8C51-EA2D001B21CF}.Release|Any CPU.Build.0 = Release|Any CPU
	EndGlobalSection
	GlobalSection(SolutionProperties) = preSolution
		HideSolutionNode = FALSE
	EndGlobalSection
	GlobalSection(ExtensibilityGlobals) = postSolution
		SolutionGuid = {20E0E2D2-A9EC-4CC3-9F94-003089EFD081}
	EndGlobalSection
EndGlobal
