
Microsoft Visual Studio Solution File, Format Version 12.00
# Visual Studio Version 16
VisualStudioVersion = 16.0.30320.27
MinimumVisualStudioVersion = 10.0.40219.1
Project("{FAE04EC0-301F-11D3-BF4B-00C04F79EFBC}") = "BlindDating", "BlindDating\BlindDating.csproj", "{C513124E-FD89-4664-A235-BDDD0B5A4D72}"
EndProject
Global
	GlobalSection(SolutionConfigurationPlatforms) = preSolution
		Debug|Any CPU = Debug|Any CPU
		Release|Any CPU = Release|Any CPU
	EndGlobalSection
	GlobalSection(ProjectConfigurationPlatforms) = postSolution
		{C513124E-FD89-4664-A235-BDDD0B5A4D72}.Debug|Any CPU.ActiveCfg = Debug|Any CPU
		{C513124E-FD89-4664-A235-BDDD0B5A4D72}.Debug|Any CPU.Build.0 = Debug|Any CPU
		{C513124E-FD89-4664-A235-BDDD0B5A4D72}.Release|Any CPU.ActiveCfg = Release|Any CPU
		{C513124E-FD89-4664-A235-BDDD0B5A4D72}.Release|Any CPU.Build.0 = Release|Any CPU
	EndGlobalSection
	GlobalSection(SolutionProperties) = preSolution
		HideSolutionNode = FALSE
	EndGlobalSection
	GlobalSection(ExtensibilityGlobals) = postSolution
		SolutionGuid = {83D4D002-FE9C-4BCF-8F8D-ED8B4926A9DF}
	EndGlobalSection
EndGlobal
